
Microsoft Visual Studio Solution File, Format Version 12.00
# Visual Studio Version 16
VisualStudioVersion = 16.0.30621.155
MinimumVisualStudioVersion = 10.0.40219.1
Project("{FAE04EC0-301F-11D3-BF4B-00C04F79EFBC}") = "TP_N4", "TP_N4\TP_N4.csproj", "{97F076C5-5B2B-4924-8A82-12E971613236}"
EndProject
Project("{FAE04EC0-301F-11D3-BF4B-00C04F79EFBC}") = "ClasesExcepciones", "ClasesExcepciones\ClasesExcepciones.csproj", "{F3D39102-EBB0-469A-B7B7-29D3936ED8C7}"
EndProject
Project("{FAE04EC0-301F-11D3-BF4B-00C04F79EFBC}") = "MITestUnitario", "MITestUnitario\MITestUnitario.csproj", "{C72B363A-474F-48A6-A503-2D16DF9FA1B6}"
EndProject
Project("{FAE04EC0-301F-11D3-BF4B-00C04F79EFBC}") = "Test", "Test\Test.csproj", "{EF81389A-630D-4CF5-9D62-73176339028B}"
EndProject
Project("{FAE04EC0-301F-11D3-BF4B-00C04F79EFBC}") = "ClasesBBDD", "ClasesBBDD\ClasesBBDD.csproj", "{0AF49920-037E-48A9-88BA-D81A482FC346}"
EndProject
Project("{FAE04EC0-301F-11D3-BF4B-00C04F79EFBC}") = "ClasesArchivos", "ClasesArchivos\ClasesArchivos.csproj", "{F9E0CCCD-35C4-4461-B210-59F1510D8616}"
EndProject
Project("{FAE04EC0-301F-11D3-BF4B-00C04F79EFBC}") = "ClasesEstacionamiento", "ClasesEstacionamiento\ClasesEstacionamiento.csproj", "{52D2D961-9E32-47E2-BD09-DD80E267C13E}"
EndProject
Project("{FAE04EC0-301F-11D3-BF4B-00C04F79EFBC}") = "ClasesVehiculos", "ClasesVehiculos\ClasesVehiculos.csproj", "{0A00BC75-D74A-48E0-9851-B3E58200A207}"
EndProject
Global
	GlobalSection(SolutionConfigurationPlatforms) = preSolution
		Debug|Any CPU = Debug|Any CPU
		Release|Any CPU = Release|Any CPU
	EndGlobalSection
	GlobalSection(ProjectConfigurationPlatforms) = postSolution
		{97F076C5-5B2B-4924-8A82-12E971613236}.Debug|Any CPU.ActiveCfg = Debug|Any CPU
		{97F076C5-5B2B-4924-8A82-12E971613236}.Debug|Any CPU.Build.0 = Debug|Any CPU
		{97F076C5-5B2B-4924-8A82-12E971613236}.Release|Any CPU.ActiveCfg = Release|Any CPU
		{97F076C5-5B2B-4924-8A82-12E971613236}.Release|Any CPU.Build.0 = Release|Any CPU
		{F3D39102-EBB0-469A-B7B7-29D3936ED8C7}.Debug|Any CPU.ActiveCfg = Debug|Any CPU
		{F3D39102-EBB0-469A-B7B7-29D3936ED8C7}.Debug|Any CPU.Build.0 = Debug|Any CPU
		{F3D39102-EBB0-469A-B7B7-29D3936ED8C7}.Release|Any CPU.ActiveCfg = Release|Any CPU
		{F3D39102-EBB0-469A-B7B7-29D3936ED8C7}.Release|Any CPU.Build.0 = Release|Any CPU
		{C72B363A-474F-48A6-A503-2D16DF9FA1B6}.Debug|Any CPU.ActiveCfg = Debug|Any CPU
		{C72B363A-474F-48A6-A503-2D16DF9FA1B6}.Debug|Any CPU.Build.0 = Debug|Any CPU
		{C72B363A-474F-48A6-A503-2D16DF9FA1B6}.Release|Any CPU.ActiveCfg = Release|Any CPU
		{C72B363A-474F-48A6-A503-2D16DF9FA1B6}.Release|Any CPU.Build.0 = Release|Any CPU
		{EF81389A-630D-4CF5-9D62-73176339028B}.Debug|Any CPU.ActiveCfg = Debug|Any CPU
		{EF81389A-630D-4CF5-9D62-73176339028B}.Debug|Any CPU.Build.0 = Debug|Any CPU
		{EF81389A-630D-4CF5-9D62-73176339028B}.Release|Any CPU.ActiveCfg = Release|Any CPU
		{EF81389A-630D-4CF5-9D62-73176339028B}.Release|Any CPU.Build.0 = Release|Any CPU
		{0AF49920-037E-48A9-88BA-D81A482FC346}.Debug|Any CPU.ActiveCfg = Debug|Any CPU
		{0AF49920-037E-48A9-88BA-D81A482FC346}.Debug|Any CPU.Build.0 = Debug|Any CPU
		{0AF49920-037E-48A9-88BA-D81A482FC346}.Release|Any CPU.ActiveCfg = Release|Any CPU
		{0AF49920-037E-48A9-88BA-D81A482FC346}.Release|Any CPU.Build.0 = Release|Any CPU
		{F9E0CCCD-35C4-4461-B210-59F1510D8616}.Debug|Any CPU.ActiveCfg = Debug|Any CPU
		{F9E0CCCD-35C4-4461-B210-59F1510D8616}.Debug|Any CPU.Build.0 = Debug|Any CPU
		{F9E0CCCD-35C4-4461-B210-59F1510D8616}.Release|Any CPU.ActiveCfg = Release|Any CPU
		{F9E0CCCD-35C4-4461-B210-59F1510D8616}.Release|Any CPU.Build.0 = Release|Any CPU
		{52D2D961-9E32-47E2-BD09-DD80E267C13E}.Debug|Any CPU.ActiveCfg = Debug|Any CPU
		{52D2D961-9E32-47E2-BD09-DD80E267C13E}.Debug|Any CPU.Build.0 = Debug|Any CPU
		{52D2D961-9E32-47E2-BD09-DD80E267C13E}.Release|Any CPU.ActiveCfg = Release|Any CPU
		{52D2D961-9E32-47E2-BD09-DD80E267C13E}.Release|Any CPU.Build.0 = Release|Any CPU
		{0A00BC75-D74A-48E0-9851-B3E58200A207}.Debug|Any CPU.ActiveCfg = Debug|Any CPU
		{0A00BC75-D74A-48E0-9851-B3E58200A207}.Debug|Any CPU.Build.0 = Debug|Any CPU
		{0A00BC75-D74A-48E0-9851-B3E58200A207}.Release|Any CPU.ActiveCfg = Release|Any CPU
		{0A00BC75-D74A-48E0-9851-B3E58200A207}.Release|Any CPU.Build.0 = Release|Any CPU
	EndGlobalSection
	GlobalSection(SolutionProperties) = preSolution
		HideSolutionNode = FALSE
	EndGlobalSection
	GlobalSection(ExtensibilityGlobals) = postSolution
		SolutionGuid = {8089D72D-2B33-45FA-9C43-24DF0059F819}
	EndGlobalSection
EndGlobal
